
Microsoft Visual Studio Solution File, Format Version 12.00
# Visual Studio 15
VisualStudioVersion = 15.0.27705.2000
MinimumVisualStudioVersion = 10.0.40219.1
Project("{FAE04EC0-301F-11D3-BF4B-00C04F79EFBC}") = "SweepFile", "SweepFile\SweepFile.csproj", "{4F28C3EA-D47D-4D61-ACD7-B76ADDBB97E3}"
EndProject
Global
	GlobalSection(SolutionConfigurationPlatforms) = preSolution
		Debug|Any CPU = Debug|Any CPU
		Release|Any CPU = Release|Any CPU
	EndGlobalSection
	GlobalSection(ProjectConfigurationPlatforms) = postSolution
		{4F28C3EA-D47D-4D61-ACD7-B76ADDBB97E3}.Debug|Any CPU.ActiveCfg = Debug|Any CPU
		{4F28C3EA-D47D-4D61-ACD7-B76ADDBB97E3}.Debug|Any CPU.Build.0 = Debug|Any CPU
		{4F28C3EA-D47D-4D61-ACD7-B76ADDBB97E3}.Release|Any CPU.ActiveCfg = Release|Any CPU
		{4F28C3EA-D47D-4D61-ACD7-B76ADDBB97E3}.Release|Any CPU.Build.0 = Release|Any CPU
	EndGlobalSection
	GlobalSection(SolutionProperties) = preSolution
		HideSolutionNode = FALSE
	EndGlobalSection
	GlobalSection(ExtensibilityGlobals) = postSolution
		SolutionGuid = {9AF22C36-4B3E-4352-B0F2-A1D1F3DA6D8E}
	EndGlobalSection
EndGlobal
